
Microsoft Visual Studio Solution File, Format Version 12.00
# Visual Studio Version 17
VisualStudioVersion = 17.14.36811.4 d17.14
MinimumVisualStudioVersion = 10.0.40219.1
Project("{FAE04EC0-301F-11D3-BF4B-00C04F79EFBC}") = "AlVueloUsers", "AlVueloUsers\AlVueloUsers.csproj", "{EFD602F4-E884-4177-851A-0F9710B2B819}"
EndProject
Global
	GlobalSection(SolutionConfigurationPlatforms) = preSolution
		Debug|Any CPU = Debug|Any CPU
		Release|Any CPU = Release|Any CPU
	EndGlobalSection
	GlobalSection(ProjectConfigurationPlatforms) = postSolution
		{EFD602F4-E884-4177-851A-0F9710B2B819}.Debug|Any CPU.ActiveCfg = Debug|Any CPU
		{EFD602F4-E884-4177-851A-0F9710B2B819}.Debug|Any CPU.Build.0 = Debug|Any CPU
		{EFD602F4-E884-4177-851A-0F9710B2B819}.Release|Any CPU.ActiveCfg = Release|Any CPU
		{EFD602F4-E884-4177-851A-0F9710B2B819}.Release|Any CPU.Build.0 = Release|Any CPU
	EndGlobalSection
	GlobalSection(SolutionProperties) = preSolution
		HideSolutionNode = FALSE
	EndGlobalSection
	GlobalSection(ExtensibilityGlobals) = postSolution
		SolutionGuid = {D918FDB5-2FDA-4641-96B5-84193FDAEE3F}
	EndGlobalSection
EndGlobal
